
Microsoft Visual Studio Solution File, Format Version 12.00
# Visual Studio Express 2013 for Windows Desktop
VisualStudioVersion = 12.0.21005.1
MinimumVisualStudioVersion = 10.0.40219.1
Project("{8BC9CEB8-8B4A-11D0-8D11-00A0C91BC942}") = "MiniGolf", "MiniGolf\MiniGolf.vcxproj", "{43654379-9180-4074-AE9F-357C9E3E3B08}"
EndProject
Global
	GlobalSection(SolutionConfigurationPlatforms) = preSolution
		Debug|Win32 = Debug|Win32
		Release|Win32 = Release|Win32
	EndGlobalSection
	GlobalSection(ProjectConfigurationPlatforms) = postSolution
		{43654379-9180-4074-AE9F-357C9E3E3B08}.Debug|Win32.ActiveCfg = Debug|Win32
		{43654379-9180-4074-AE9F-357C9E3E3B08}.Debug|Win32.Build.0 = Debug|Win32
		{43654379-9180-4074-AE9F-357C9E3E3B08}.Release|Win32.ActiveCfg = Release|Win32
		{43654379-9180-4074-AE9F-357C9E3E3B08}.Release|Win32.Build.0 = Release|Win32
	EndGlobalSection
	GlobalSection(SolutionProperties) = preSolution
		HideSolutionNode = FALSE
	EndGlobalSection
EndGlobal
