<?xml version="1.0" encoding="utf-8"?>
<Project ToolsVersion="4.0" xmlns="http://schemas.microsoft.com/developer/msbuild/2003">
  <ItemGroup>
    <Filter Include="Source Files">
      <UniqueIdentifier>{4FC737F1-C7A5-4376-A066-2A32D752A2FF}</UniqueIdentifier>
      <Extensions>cpp;c;cc;cxx;def;odl;idl;hpj;bat;asm;asmx</Extensions>
    </Filter>
    <Filter Include="EngineObjects">
      <UniqueIdentifier>{4b27b4a3-4218-47c1-897a-775d2ea63ac2}</UniqueIdentifier>
    </Filter>
    <Filter Include="EngineObjects\Plane">
      <UniqueIdentifier>{3a083318-0751-4773-b374-f2a833e5790b}</UniqueIdentifier>
    </Filter>
    <Filter Include="EngineObjects\Circle">
      <UniqueIdentifier>{3185fca8-8008-4ec4-ac7f-19acd1d8094e}</UniqueIdentifier>
    </Filter>
    <Filter Include="GameObjects">
      <UniqueIdentifier>{d9af5544-730b-4b44-89b5-be4c5cd4b969}</UniqueIdentifier>
    </Filter>
    <Filter Include="GameObjects\Ball">
      <UniqueIdentifier>{2b054550-2de4-4b2f-b683-5d8e07371a45}</UniqueIdentifier>
    </Filter>
    <Filter Include="GameObjects\Tile">
      <UniqueIdentifier>{175bc040-1151-4a44-8679-999550ef8df8}</UniqueIdentifier>
    </Filter>
    <Filter Include="GameObjects\Cup">
      <UniqueIdentifier>{3af4567a-7f9f-46ae-a9ca-504e2aa1b498}</UniqueIdentifier>
    </Filter>
    <Filter Include="GameObjects\Border">
      <UniqueIdentifier>{fafa094a-efb5-4ebb-b647-92e4bab852ef}</UniqueIdentifier>
    </Filter>
    <Filter Include="GameObjects\Level">
      <UniqueIdentifier>{4747637a-c6c9-4510-ac21-eda0a5723d9f}</UniqueIdentifier>
    </Filter>
    <Filter Include="EngineObjects\Camera">
      <UniqueIdentifier>{ea38ad8c-e61a-45c2-abfa-684db8d16a10}</UniqueIdentifier>
    </Filter>
    <Filter Include="EngineObjects\Light">
      <UniqueIdentifier>{997a6b47-5a37-4af4-879f-b4d9e621aa5b}</UniqueIdentifier>
    </Filter>
    <Filter Include="EngineObjects\Material">
      <UniqueIdentifier>{6ce26d9e-1089-41cb-b3c7-c0d3ac879082}</UniqueIdentifier>
    </Filter>
    <Filter Include="EngineObjects\Shader">
      <UniqueIdentifier>{f331f73b-2b49-4b98-a3c8-013ff8d25da9}</UniqueIdentifier>
    </Filter>
    <Filter Include="EngineObjects\Timer">
      <UniqueIdentifier>{e9cfd2f5-fd41-4258-a7d4-31abfac11686}</UniqueIdentifier>
    </Filter>
    <Filter Include="EngineObjects\Object">
      <UniqueIdentifier>{9883bf22-9e06-4dfb-8227-ca129eb1d850}</UniqueIdentifier>
    </Filter>
    <Filter Include="GameObjects\Game">
      <UniqueIdentifier>{e7d96dde-e8c1-40a4-9e87-982b59b4d14c}</UniqueIdentifier>
    </Filter>
    <Filter Include="EngineObjects\Physics">
      <UniqueIdentifier>{d2cf93ba-3ec2-434f-93e1-35f07c75986d}</UniqueIdentifier>
    </Filter>
    <Filter Include="GameObjects\Player">
      <UniqueIdentifier>{602b8882-fca6-4653-873e-76806aa522d2}</UniqueIdentifier>
    </Filter>
    <Filter Include="GameObjects\Tee">
      <UniqueIdentifier>{7912fb66-2ae1-4aa1-8c5d-b45ae0a66471}</UniqueIdentifier>
    </Filter>
  </ItemGroup>
  <ItemGroup>
    <ClCompile Include="MiniGolf.cpp">
      <Filter>Source Files</Filter>
    </ClCompile>
    <ClCompile Include="Plane.cpp">
      <Filter>EngineObjects\Plane</Filter>
    </ClCompile>
    <ClCompile Include="Ball.cpp">
      <Filter>GameObjects\Ball</Filter>
    </ClCompile>
    <ClCompile Include="Tile.cpp">
      <Filter>GameObjects\Tile</Filter>
    </ClCompile>
    <ClCompile Include="Cup.cpp">
      <Filter>GameObjects\Cup</Filter>
    </ClCompile>
    <ClCompile Include="Border.cpp">
      <Filter>GameObjects\Border</Filter>
    </ClCompile>
    <ClCompile Include="Level.cpp">
      <Filter>GameObjects\Level</Filter>
    </ClCompile>
    <ClCompile Include="Camera.cpp">
      <Filter>EngineObjects\Camera</Filter>
    </ClCompile>
    <ClCompile Include="Light.cpp">
      <Filter>EngineObjects\Light</Filter>
    </ClCompile>
    <ClCompile Include="Material.cpp">
      <Filter>EngineObjects\Material</Filter>
    </ClCompile>
    <ClCompile Include="Shader.cpp">
      <Filter>EngineObjects\Shader</Filter>
    </ClCompile>
    <ClCompile Include="Timer.cpp">
      <Filter>EngineObjects\Timer</Filter>
    </ClCompile>
    <ClCompile Include="PhysicsObject.cpp">
      <Filter>EngineObjects\Physics</Filter>
    </ClCompile>
    <ClCompile Include="Object3D.cpp">
      <Filter>EngineObjects\Object</Filter>
    </ClCompile>
    <ClCompile Include="Object.cpp">
      <Filter>EngineObjects\Object</Filter>
    </ClCompile>
    <ClCompile Include="Game.cpp">
      <Filter>GameObjects\Game</Filter>
    </ClCompile>
    <ClCompile Include="Player.cpp">
      <Filter>GameObjects\Player</Filter>
    </ClCompile>
    <ClCompile Include="Tee.cpp">
      <Filter>GameObjects\Tee</Filter>
    </ClCompile>
  </ItemGroup>
  <ItemGroup>
    <ClInclude Include="Plane.h">
      <Filter>EngineObjects\Plane</Filter>
    </ClInclude>
    <ClInclude Include="Ball.h">
      <Filter>GameObjects\Ball</Filter>
    </ClInclude>
    <ClInclude Include="Tile.h">
      <Filter>GameObjects\Tile</Filter>
    </ClInclude>
    <ClInclude Include="Cup.h">
      <Filter>GameObjects\Cup</Filter>
    </ClInclude>
    <ClInclude Include="Border.h">
      <Filter>GameObjects\Border</Filter>
    </ClInclude>
    <ClInclude Include="Level.h">
      <Filter>GameObjects\Level</Filter>
    </ClInclude>
    <ClInclude Include="Camera.h">
      <Filter>EngineObjects\Camera</Filter>
    </ClInclude>
    <ClInclude Include="Light.h">
      <Filter>EngineObjects\Light</Filter>
    </ClInclude>
    <ClInclude Include="Material.h">
      <Filter>EngineObjects\Material</Filter>
    </ClInclude>
    <ClInclude Include="Shader.h">
      <Filter>EngineObjects\Shader</Filter>
    </ClInclude>
    <ClInclude Include="Timer.h">
      <Filter>EngineObjects\Timer</Filter>
    </ClInclude>
    <ClInclude Include="PhysicsObject.h">
      <Filter>EngineObjects\Physics</Filter>
    </ClInclude>
    <ClInclude Include="Object3D.h">
      <Filter>EngineObjects\Object</Filter>
    </ClInclude>
    <ClInclude Include="Object.h">
      <Filter>EngineObjects\Object</Filter>
    </ClInclude>
    <ClInclude Include="Game.h">
      <Filter>GameObjects\Game</Filter>
    </ClInclude>
    <ClInclude Include="Player.h">
      <Filter>GameObjects\Player</Filter>
    </ClInclude>
    <ClInclude Include="Tee.h">
      <Filter>GameObjects\Tee</Filter>
    </ClInclude>
  </ItemGroup>
</Project>